
Microsoft Visual Studio Solution File, Format Version 12.00
# Visual Studio Version 17
VisualStudioVersion = 17.11.35219.272
MinimumVisualStudioVersion = 10.0.40219.1
Project("{FAE04EC0-301F-11D3-BF4B-00C04F79EFBC}") = "sinemaUygulama", "sinemaUygulama\sinemaUygulama.csproj", "{7875330E-39AD-439F-BB09-5CE0C6A94181}"
EndProject
Global
	GlobalSection(SolutionConfigurationPlatforms) = preSolution
		Debug|Any CPU = Debug|Any CPU
		Release|Any CPU = Release|Any CPU
	EndGlobalSection
	GlobalSection(ProjectConfigurationPlatforms) = postSolution
		{7875330E-39AD-439F-BB09-5CE0C6A94181}.Debug|Any CPU.ActiveCfg = Debug|Any CPU
		{7875330E-39AD-439F-BB09-5CE0C6A94181}.Debug|Any CPU.Build.0 = Debug|Any CPU
		{7875330E-39AD-439F-BB09-5CE0C6A94181}.Release|Any CPU.ActiveCfg = Release|Any CPU
		{7875330E-39AD-439F-BB09-5CE0C6A94181}.Release|Any CPU.Build.0 = Release|Any CPU
	EndGlobalSection
	GlobalSection(SolutionProperties) = preSolution
		HideSolutionNode = FALSE
	EndGlobalSection
	GlobalSection(ExtensibilityGlobals) = postSolution
		SolutionGuid = {DA2FE53C-97E8-4787-B7D1-261A7A45E522}
	EndGlobalSection
EndGlobal
